
Microsoft Visual Studio Solution File, Format Version 12.00
# Visual Studio Version 16
VisualStudioVersion = 16.0.28803.352
MinimumVisualStudioVersion = 10.0.40219.1
Project("{FAE04EC0-301F-11D3-BF4B-00C04F79EFBC}") = "ConsoleApp4", "ConsoleApp4.csproj", "{435B9BED-44C7-49C2-A6EF-F9EF5DB7F6F8}"
EndProject
Global
	GlobalSection(SolutionConfigurationPlatforms) = preSolution
		Debug|Any CPU = Debug|Any CPU
		Release|Any CPU = Release|Any CPU
	EndGlobalSection
	GlobalSection(ProjectConfigurationPlatforms) = postSolution
		{435B9BED-44C7-49C2-A6EF-F9EF5DB7F6F8}.Debug|Any CPU.ActiveCfg = Debug|Any CPU
		{435B9BED-44C7-49C2-A6EF-F9EF5DB7F6F8}.Debug|Any CPU.Build.0 = Debug|Any CPU
		{435B9BED-44C7-49C2-A6EF-F9EF5DB7F6F8}.Release|Any CPU.ActiveCfg = Release|Any CPU
		{435B9BED-44C7-49C2-A6EF-F9EF5DB7F6F8}.Release|Any CPU.Build.0 = Release|Any CPU
	EndGlobalSection
	GlobalSection(SolutionProperties) = preSolution
		HideSolutionNode = FALSE
	EndGlobalSection
	GlobalSection(ExtensibilityGlobals) = postSolution
		SolutionGuid = {AD3F4935-2028-44FB-ABD8-C8397D1AD167}
	EndGlobalSection
EndGlobal
